
Microsoft Visual Studio Solution File, Format Version 12.00
# Visual Studio 15
VisualStudioVersion = 15.0.27004.2005
MinimumVisualStudioVersion = 10.0.40219.1
Project("{FAE04EC0-301F-11D3-BF4B-00C04F79EFBC}") = "42818", "42818\42818.csproj", "{AEE89420-51F9-46DF-A0F8-404EFC622AA5}"
EndProject
Global
	GlobalSection(SolutionConfigurationPlatforms) = preSolution
		Debug|Any CPU = Debug|Any CPU
		Release|Any CPU = Release|Any CPU
	EndGlobalSection
	GlobalSection(ProjectConfigurationPlatforms) = postSolution
		{AEE89420-51F9-46DF-A0F8-404EFC622AA5}.Debug|Any CPU.ActiveCfg = Debug|Any CPU
		{AEE89420-51F9-46DF-A0F8-404EFC622AA5}.Debug|Any CPU.Build.0 = Debug|Any CPU
		{AEE89420-51F9-46DF-A0F8-404EFC622AA5}.Release|Any CPU.ActiveCfg = Release|Any CPU
		{AEE89420-51F9-46DF-A0F8-404EFC622AA5}.Release|Any CPU.Build.0 = Release|Any CPU
	EndGlobalSection
	GlobalSection(SolutionProperties) = preSolution
		HideSolutionNode = FALSE
	EndGlobalSection
	GlobalSection(ExtensibilityGlobals) = postSolution
		SolutionGuid = {CAB4A481-2913-4BC9-9A1F-5B5330BD9098}
	EndGlobalSection
EndGlobal
