
Microsoft Visual Studio Solution File, Format Version 12.00
# Visual Studio 15
VisualStudioVersion = 15.0.27703.2000
MinimumVisualStudioVersion = 10.0.40219.1
Project("{FAE04EC0-301F-11D3-BF4B-00C04F79EFBC}") = "61618", "61618\61618.csproj", "{36584E5A-F866-44A9-8ED4-B51E1D74CFA8}"
EndProject
Global
	GlobalSection(SolutionConfigurationPlatforms) = preSolution
		Debug|Any CPU = Debug|Any CPU
		Release|Any CPU = Release|Any CPU
	EndGlobalSection
	GlobalSection(ProjectConfigurationPlatforms) = postSolution
		{36584E5A-F866-44A9-8ED4-B51E1D74CFA8}.Debug|Any CPU.ActiveCfg = Debug|Any CPU
		{36584E5A-F866-44A9-8ED4-B51E1D74CFA8}.Debug|Any CPU.Build.0 = Debug|Any CPU
		{36584E5A-F866-44A9-8ED4-B51E1D74CFA8}.Release|Any CPU.ActiveCfg = Release|Any CPU
		{36584E5A-F866-44A9-8ED4-B51E1D74CFA8}.Release|Any CPU.Build.0 = Release|Any CPU
	EndGlobalSection
	GlobalSection(SolutionProperties) = preSolution
		HideSolutionNode = FALSE
	EndGlobalSection
	GlobalSection(ExtensibilityGlobals) = postSolution
		SolutionGuid = {4375438A-2406-4164-B728-78367EE9226B}
	EndGlobalSection
EndGlobal
