
Microsoft Visual Studio Solution File, Format Version 12.00
# Visual Studio 15
VisualStudioVersion = 15.0.27703.2000
MinimumVisualStudioVersion = 10.0.40219.1
Project("{FAE04EC0-301F-11D3-BF4B-00C04F79EFBC}") = "92218", "92218\92218.csproj", "{E5C6B24F-7EB2-47B8-B034-5E09F9A9D800}"
EndProject
Global
	GlobalSection(SolutionConfigurationPlatforms) = preSolution
		Debug|Any CPU = Debug|Any CPU
		Release|Any CPU = Release|Any CPU
	EndGlobalSection
	GlobalSection(ProjectConfigurationPlatforms) = postSolution
		{E5C6B24F-7EB2-47B8-B034-5E09F9A9D800}.Debug|Any CPU.ActiveCfg = Debug|Any CPU
		{E5C6B24F-7EB2-47B8-B034-5E09F9A9D800}.Debug|Any CPU.Build.0 = Debug|Any CPU
		{E5C6B24F-7EB2-47B8-B034-5E09F9A9D800}.Release|Any CPU.ActiveCfg = Release|Any CPU
		{E5C6B24F-7EB2-47B8-B034-5E09F9A9D800}.Release|Any CPU.Build.0 = Release|Any CPU
	EndGlobalSection
	GlobalSection(SolutionProperties) = preSolution
		HideSolutionNode = FALSE
	EndGlobalSection
	GlobalSection(ExtensibilityGlobals) = postSolution
		SolutionGuid = {6C1FA095-403F-42E8-8352-05383778358E}
	EndGlobalSection
EndGlobal
