
Microsoft Visual Studio Solution File, Format Version 12.00
# Visual Studio 15
VisualStudioVersion = 15.0.27004.2005
MinimumVisualStudioVersion = 10.0.40219.1
Project("{FAE04EC0-301F-11D3-BF4B-00C04F79EFBC}") = "5-5-18", "5-5-18\5-5-18.csproj", "{B7AA7E0A-6515-4828-9944-DBE04BB5DC85}"
EndProject
Global
	GlobalSection(SolutionConfigurationPlatforms) = preSolution
		Debug|Any CPU = Debug|Any CPU
		Release|Any CPU = Release|Any CPU
	EndGlobalSection
	GlobalSection(ProjectConfigurationPlatforms) = postSolution
		{B7AA7E0A-6515-4828-9944-DBE04BB5DC85}.Debug|Any CPU.ActiveCfg = Debug|Any CPU
		{B7AA7E0A-6515-4828-9944-DBE04BB5DC85}.Debug|Any CPU.Build.0 = Debug|Any CPU
		{B7AA7E0A-6515-4828-9944-DBE04BB5DC85}.Release|Any CPU.ActiveCfg = Release|Any CPU
		{B7AA7E0A-6515-4828-9944-DBE04BB5DC85}.Release|Any CPU.Build.0 = Release|Any CPU
	EndGlobalSection
	GlobalSection(SolutionProperties) = preSolution
		HideSolutionNode = FALSE
	EndGlobalSection
	GlobalSection(ExtensibilityGlobals) = postSolution
		SolutionGuid = {C6E1CBEF-3300-4087-9937-8869B62069FE}
	EndGlobalSection
EndGlobal
